// !$*UTF8*$!
{
	archiveVersion = 1;
	classes = {
	};
	objectVersion = 50;
	objects = {

/* Begin PBXBuildFile section */
		407EF44024000C91009BD071 /* main.m in Sources */ = {isa = PBXBuildFile; fileRef = 407EF43F24000C91009BD071 /* main.m */; };
		40AAE39A240D42BC003DEACB /* if-condition.m in Sources */ = {isa = PBXBuildFile; fileRef = 40AAE399240D42BC003DEACB /* if-condition.m */; };
		40AAE39F240D4AE0003DEACB /* calculateSeconds.m in Sources */ = {isa = PBXBuildFile; fileRef = 40AAE39E240D4AE0003DEACB /* calculateSeconds.m */; };
		40AAE3A3240D4DAC003DEACB /* printStrings.m in Sources */ = {isa = PBXBuildFile; fileRef = 40AAE3A2240D4DAC003DEACB /* printStrings.m */; };
		40FA523B240E323600E3BECC /* FieldType.m in Sources */ = {isa = PBXBuildFile; fileRef = 40FA523A240E323600E3BECC /* FieldType.m */; };
/* End PBXBuildFile section */

/* Begin PBXCopyFilesBuildPhase section */
		407EF43A24000C90009BD071 /* CopyFiles */ = {
			isa = PBXCopyFilesBuildPhase;
			buildActionMask = 2147483647;
			dstPath = /usr/share/man/man1/;
			dstSubfolderSpec = 0;
			files = (
			);
			runOnlyForDeploymentPostprocessing = 1;
		};
/* End PBXCopyFilesBuildPhase section */

/* Begin PBXFileReference section */
		407EF43C24000C90009BD071 /* Objective-c */ = {isa = PBXFileReference; explicitFileType = "compiled.mach-o.executable"; includeInIndex = 0; path = "Objective-c"; sourceTree = BUILT_PRODUCTS_DIR; };
		407EF43F24000C91009BD071 /* main.m */ = {isa = PBXFileReference; lastKnownFileType = sourcecode.c.objc; path = main.m; sourceTree = "<group>"; };
		40AAE399240D42BC003DEACB /* if-condition.m */ = {isa = PBXFileReference; lastKnownFileType = sourcecode.c.objc; path = "if-condition.m"; sourceTree = "<group>"; };
		40AAE39B240D4409003DEACB /* if-condition.h */ = {isa = PBXFileReference; lastKnownFileType = sourcecode.c.h; path = "if-condition.h"; sourceTree = "<group>"; };
		40AAE39E240D4AE0003DEACB /* calculateSeconds.m */ = {isa = PBXFileReference; lastKnownFileType = sourcecode.c.objc; path = calculateSeconds.m; sourceTree = "<group>"; };
		40AAE3A0240D4AEE003DEACB /* calculateSeconds.h */ = {isa = PBXFileReference; lastKnownFileType = sourcecode.c.h; path = calculateSeconds.h; sourceTree = "<group>"; };
		40AAE3A2240D4DAC003DEACB /* printStrings.m */ = {isa = PBXFileReference; lastKnownFileType = sourcecode.c.objc; path = printStrings.m; sourceTree = "<group>"; };
		40AAE3A4240D4DE0003DEACB /* printStrings.h */ = {isa = PBXFileReference; lastKnownFileType = sourcecode.c.h; path = printStrings.h; sourceTree = "<group>"; };
		40FA523A240E323600E3BECC /* FieldType.m */ = {isa = PBXFileReference; lastKnownFileType = sourcecode.c.objc; path = FieldType.m; sourceTree = "<group>"; };
		40FA523D240E329500E3BECC /* FieldType.h */ = {isa = PBXFileReference; lastKnownFileType = sourcecode.c.h; path = FieldType.h; sourceTree = "<group>"; };
/* End PBXFileReference section */

/* Begin PBXFrameworksBuildPhase section */
		407EF43924000C90009BD071 /* Frameworks */ = {
			isa = PBXFrameworksBuildPhase;
			buildActionMask = 2147483647;
			files = (
			);
			runOnlyForDeploymentPostprocessing = 0;
		};
/* End PBXFrameworksBuildPhase section */

/* Begin PBXGroup section */
		407EF43324000C90009BD071 = {
			isa = PBXGroup;
			children = (
				407EF43E24000C90009BD071 /* Objective-c */,
				407EF43D24000C90009BD071 /* Products */,
			);
			sourceTree = "<group>";
		};
		407EF43D24000C90009BD071 /* Products */ = {
			isa = PBXGroup;
			children = (
				407EF43C24000C90009BD071 /* Objective-c */,
			);
			name = Products;
			sourceTree = "<group>";
		};
		407EF43E24000C90009BD071 /* Objective-c */ = {
			isa = PBXGroup;
			children = (
				40FA523C240E328200E3BECC /* Enums */,
				40AAE3A1240D4D93003DEACB /* printStrings */,
				40AAE39C240D4AAC003DEACB /* if-condition */,
				40AAE39D240D4ABC003DEACB /* calculateSeconds */,
				407EF43F24000C91009BD071 /* main.m */,
			);
			path = "Objective-c";
			sourceTree = "<group>";
		};
		40AAE39C240D4AAC003DEACB /* if-condition */ = {
			isa = PBXGroup;
			children = (
				40AAE399240D42BC003DEACB /* if-condition.m */,
				40AAE39B240D4409003DEACB /* if-condition.h */,
			);
			path = "if-condition";
			sourceTree = "<group>";
		};
		40AAE39D240D4ABC003DEACB /* calculateSeconds */ = {
			isa = PBXGroup;
			children = (
				40AAE39E240D4AE0003DEACB /* calculateSeconds.m */,
				40AAE3A0240D4AEE003DEACB /* calculateSeconds.h */,
			);
			path = calculateSeconds;
			sourceTree = "<group>";
		};
		40AAE3A1240D4D93003DEACB /* printStrings */ = {
			isa = PBXGroup;
			children = (
				40AAE3A2240D4DAC003DEACB /* printStrings.m */,
				40AAE3A4240D4DE0003DEACB /* printStrings.h */,
			);
			path = printStrings;
			sourceTree = "<group>";
		};
		40FA523C240E328200E3BECC /* Enums */ = {
			isa = PBXGroup;
			children = (
				40FA523A240E323600E3BECC /* FieldType.m */,
				40FA523D240E329500E3BECC /* FieldType.h */,
			);
			path = Enums;
			sourceTree = "<group>";
		};
/* End PBXGroup section */

/* Begin PBXNativeTarget section */
		407EF43B24000C90009BD071 /* Objective-c */ = {
			isa = PBXNativeTarget;
			buildConfigurationList = 407EF44324000C91009BD071 /* Build configuration list for PBXNativeTarget "Objective-c" */;
			buildPhases = (
				407EF43824000C90009BD071 /* Sources */,
				407EF43924000C90009BD071 /* Frameworks */,
				407EF43A24000C90009BD071 /* CopyFiles */,
			);
			buildRules = (
			);
			dependencies = (
			);
			name = "Objective-c";
			productName = "Objective-c";
			productReference = 407EF43C24000C90009BD071 /* Objective-c */;
			productType = "com.apple.product-type.tool";
		};
/* End PBXNativeTarget section */

/* Begin PBXProject section */
		407EF43424000C90009BD071 /* Project object */ = {
			isa = PBXProject;
			attributes = {
				LastUpgradeCheck = 1130;
				ORGANIZATIONNAME = "Murat Mayadağ";
				TargetAttributes = {
					407EF43B24000C90009BD071 = {
						CreatedOnToolsVersion = 11.3.1;
					};
				};
			};
			buildConfigurationList = 407EF43724000C90009BD071 /* Build configuration list for PBXProject "Objective-c" */;
			compatibilityVersion = "Xcode 9.3";
			developmentRegion = en;
			hasScannedForEncodings = 0;
			knownRegions = (
				en,
				Base,
			);
			mainGroup = 407EF43324000C90009BD071;
			productRefGroup = 407EF43D24000C90009BD071 /* Products */;
			projectDirPath = "";
			projectRoot = "";
			targets = (
				407EF43B24000C90009BD071 /* Objective-c */,
			);
		};
/* End PBXProject section */

/* Begin PBXSourcesBuildPhase section */
		407EF43824000C90009BD071 /* Sources */ = {
			isa = PBXSourcesBuildPhase;
			buildActionMask = 2147483647;
			files = (
				40AAE3A3240D4DAC003DEACB /* printStrings.m in Sources */,
				40AAE39A240D42BC003DEACB /* if-condition.m in Sources */,
				407EF44024000C91009BD071 /* main.m in Sources */,
				40AAE39F240D4AE0003DEACB /* calculateSeconds.m in Sources */,
				40FA523B240E323600E3BECC /* FieldType.m in Sources */,
			);
			runOnlyForDeploymentPostprocessing = 0;
		};
/* End PBXSourcesBuildPhase section */

/* Begin XCBuildConfiguration section */
		407EF44124000C91009BD071 /* Debug */ = {
			isa = XCBuildConfiguration;
			buildSettings = {
				ALWAYS_SEARCH_USER_PATHS = NO;
				CLANG_ANALYZER_NONNULL = YES;
				CLANG_ANALYZER_NUMBER_OBJECT_CONVERSION = YES_AGGRESSIVE;
				CLANG_CXX_LANGUAGE_STANDARD = "gnu++14";
				CLANG_CXX_LIBRARY = "libc++";
				CLANG_ENABLE_MODULES = YES;
				CLANG_ENABLE_OBJC_ARC = YES;
				CLANG_ENABLE_OBJC_WEAK = YES;
				CLANG_WARN_BLOCK_CAPTURE_AUTORELEASING = YES;
				CLANG_WARN_BOOL_CONVERSION = YES;
				CLANG_WARN_COMMA = YES;
				CLANG_WARN_CONSTANT_CONVERSION = YES;
				CLANG_WARN_DEPRECATED_OBJC_IMPLEMENTATIONS = YES;
				CLANG_WARN_DIRECT_OBJC_ISA_USAGE = YES_ERROR;
				CLANG_WARN_DOCUMENTATION_COMMENTS = YES;
				CLANG_WARN_EMPTY_BODY = YES;
				CLANG_WARN_ENUM_CONVERSION = YES;
				CLANG_WARN_INFINITE_RECURSION = YES;
				CLANG_WARN_INT_CONVERSION = YES;
				CLANG_WARN_NON_LITERAL_NULL_CONVERSION = YES;
				CLANG_WARN_OBJC_IMPLICIT_RETAIN_SELF = YES;
				CLANG_WARN_OBJC_LITERAL_CONVERSION = YES;
				CLANG_WARN_OBJC_ROOT_CLASS = YES_ERROR;
				CLANG_WARN_RANGE_LOOP_ANALYSIS = YES;
				CLANG_WARN_STRICT_PROTOTYPES = YES;
				CLANG_WARN_SUSPICIOUS_MOVE = YES;
				CLANG_WARN_UNGUARDED_AVAILABILITY = YES_AGGRESSIVE;
				CLANG_WARN_UNREACHABLE_CODE = YES;
				CLANG_WARN__DUPLICATE_METHOD_MATCH = YES;
				COPY_PHASE_STRIP = NO;
				DEBUG_INFORMATION_FORMAT = dwarf;
				ENABLE_STRICT_OBJC_MSGSEND = YES;
				ENABLE_TESTABILITY = YES;
				GCC_C_LANGUAGE_STANDARD = gnu11;
				GCC_DYNAMIC_NO_PIC = NO;
				GCC_NO_COMMON_BLOCKS = YES;
				GCC_OPTIMIZATION_LEVEL = 0;
				GCC_PREPROCESSOR_DEFINITIONS = (
					"DEBUG=1",
					"$(inherited)",
				);
				GCC_WARN_64_TO_32_BIT_CONVERSION = YES;
				GCC_WARN_ABOUT_RETURN_TYPE = YES_ERROR;
				GCC_WARN_UNDECLARED_SELECTOR = YES;
				GCC_WARN_UNINITIALIZED_AUTOS = YES_AGGRESSIVE;
				GCC_WARN_UNUSED_FUNCTION = YES;
				GCC_WARN_UNUSED_VARIABLE = YES;
				MACOSX_DEPLOYMENT_TARGET = 10.15;
				MTL_ENABLE_DEBUG_INFO = INCLUDE_SOURCE;
				MTL_FAST_MATH = YES;
				ONLY_ACTIVE_ARCH = YES;
				SDKROOT = macosx;
			};
			name = Debug;
		};
		407EF44224000C91009BD071 /* Release */ = {
			isa = XCBuildConfiguration;
			buildSettings = {
				ALWAYS_SEARCH_USER_PATHS = NO;
				CLANG_ANALYZER_NONNULL = YES;
				CLANG_ANALYZER_NUMBER_OBJECT_CONVERSION = YES_AGGRESSIVE;
				CLANG_CXX_LANGUAGE_STANDARD = "gnu++14";
				CLANG_CXX_LIBRARY = "libc++";
				CLANG_ENABLE_MODULES = YES;
				CLANG_ENABLE_OBJC_ARC = YES;
				CLANG_ENABLE_OBJC_WEAK = YES;
				CLANG_WARN_BLOCK_CAPTURE_AUTORELEASING = YES;
				CLANG_WARN_BOOL_CONVERSION = YES;
				CLANG_WARN_COMMA = YES;
				CLANG_WARN_CONSTANT_CONVERSION = YES;
				CLANG_WARN_DEPRECATED_OBJC_IMPLEMENTATIONS = YES;
				CLANG_WARN_DIRECT_OBJC_ISA_USAGE = YES_ERROR;
				CLANG_WARN_DOCUMENTATION_COMMENTS = YES;
				CLANG_WARN_EMPTY_BODY = YES;
				CLANG_WARN_ENUM_CONVERSION = YES;
				CLANG_WARN_INFINITE_RECURSION = YES;
				CLANG_WARN_INT_CONVERSION = YES;
				CLANG_WARN_NON_LITERAL_NULL_CONVERSION = YES;
				CLANG_WARN_OBJC_IMPLICIT_RETAIN_SELF = YES;
				CLANG_WARN_OBJC_LITERAL_CONVERSION = YES;
				CLANG_WARN_OBJC_ROOT_CLASS = YES_ERROR;
				CLANG_WARN_RANGE_LOOP_ANALYSIS = YES;
				CLANG_WARN_STRICT_PROTOTYPES = YES;
				CLANG_WARN_SUSPICIOUS_MOVE = YES;
				CLANG_WARN_UNGUARDED_AVAILABILITY = YES_AGGRESSIVE;
				CLANG_WARN_UNREACHABLE_CODE = YES;
				CLANG_WARN__DUPLICATE_METHOD_MATCH = YES;
				COPY_PHASE_STRIP = NO;
				DEBUG_INFORMATION_FORMAT = "dwarf-with-dsym";
				ENABLE_NS_ASSERTIONS = NO;
				ENABLE_STRICT_OBJC_MSGSEND = YES;
				GCC_C_LANGUAGE_STANDARD = gnu11;
				GCC_NO_COMMON_BLOCKS = YES;
				GCC_WARN_64_TO_32_BIT_CONVERSION = YES;
				GCC_WARN_ABOUT_RETURN_TYPE = YES_ERROR;
				GCC_WARN_UNDECLARED_SELECTOR = YES;
				GCC_WARN_UNINITIALIZED_AUTOS = YES_AGGRESSIVE;
				GCC_WARN_UNUSED_FUNCTION = YES;
				GCC_WARN_UNUSED_VARIABLE = YES;
				MACOSX_DEPLOYMENT_TARGET = 10.15;
				MTL_ENABLE_DEBUG_INFO = NO;
				MTL_FAST_MATH = YES;
				SDKROOT = macosx;
			};
			name = Release;
		};
		407EF44424000C91009BD071 /* Debug */ = {
			isa = XCBuildConfiguration;
			buildSettings = {
				CODE_SIGN_STYLE = Automatic;
				PRODUCT_NAME = "$(TARGET_NAME)";
			};
			name = Debug;
		};
		407EF44524000C91009BD071 /* Release */ = {
			isa = XCBuildConfiguration;
			buildSettings = {
				CODE_SIGN_STYLE = Automatic;
				PRODUCT_NAME = "$(TARGET_NAME)";
			};
			name = Release;
		};
/* End XCBuildConfiguration section */

/* Begin XCConfigurationList section */
		407EF43724000C90009BD071 /* Build configuration list for PBXProject "Objective-c" */ = {
			isa = XCConfigurationList;
			buildConfigurations = (
				407EF44124000C91009BD071 /* Debug */,
				407EF44224000C91009BD071 /* Release */,
			);
			defaultConfigurationIsVisible = 0;
			defaultConfigurationName = Release;
		};
		407EF44324000C91009BD071 /* Build configuration list for PBXNativeTarget "Objective-c" */ = {
			isa = XCConfigurationList;
			buildConfigurations = (
				407EF44424000C91009BD071 /* Debug */,
				407EF44524000C91009BD071 /* Release */,
			);
			defaultConfigurationIsVisible = 0;
			defaultConfigurationName = Release;
		};
/* End XCConfigurationList section */
	};
	rootObject = 407EF43424000C90009BD071 /* Project object */;
}
